// !$*UTF8*$!
{
	archiveVersion = 1;
	classes = {
	};
	objectVersion = 50;
	objects = {

/* Begin PBXBuildFile section */
		A5714A9A26D3DE7A007B550E /* AppDelegate.swift in Sources */ = {isa = PBXBuildFile; fileRef = A5714A9926D3DE7A007B550E /* AppDelegate.swift */; };
		A5714A9C26D3DE7A007B550E /* SceneDelegate.swift in Sources */ = {isa = PBXBuildFile; fileRef = A5714A9B26D3DE7A007B550E /* SceneDelegate.swift */; };
		A5714A9E26D3DE7A007B550E /* ViewController.swift in Sources */ = {isa = PBXBuildFile; fileRef = A5714A9D26D3DE7A007B550E /* ViewController.swift */; };
		A5714AA126D3DE7A007B550E /* Main.storyboard in Resources */ = {isa = PBXBuildFile; fileRef = A5714A9F26D3DE7A007B550E /* Main.storyboard */; };
		A5714AA326D3DE7C007B550E /* Assets.xcassets in Resources */ = {isa = PBXBuildFile; fileRef = A5714AA226D3DE7C007B550E /* Assets.xcassets */; };
		A5714AA626D3DE7C007B550E /* LaunchScreen.storyboard in Resources */ = {isa = PBXBuildFile; fileRef = A5714AA426D3DE7C007B550E /* LaunchScreen.storyboard */; };
		A5714AB126D3DE7C007B550E /* preworkTests.swift in Sources */ = {isa = PBXBuildFile; fileRef = A5714AB026D3DE7C007B550E /* preworkTests.swift */; };
		A5714ABC26D3DE7C007B550E /* preworkUITests.swift in Sources */ = {isa = PBXBuildFile; fileRef = A5714ABB26D3DE7C007B550E /* preworkUITests.swift */; };
/* End PBXBuildFile section */

/* Begin PBXContainerItemProxy section */
		A5714AAD26D3DE7C007B550E /* PBXContainerItemProxy */ = {
			isa = PBXContainerItemProxy;
			containerPortal = A5714A8E26D3DE7A007B550E /* Project object */;
			proxyType = 1;
			remoteGlobalIDString = A5714A9526D3DE7A007B550E;
			remoteInfo = prework;
		};
		A5714AB826D3DE7C007B550E /* PBXContainerItemProxy */ = {
			isa = PBXContainerItemProxy;
			containerPortal = A5714A8E26D3DE7A007B550E /* Project object */;
			proxyType = 1;
			remoteGlobalIDString = A5714A9526D3DE7A007B550E;
			remoteInfo = prework;
		};
/* End PBXContainerItemProxy section */

/* Begin PBXFileReference section */
		A5714A9626D3DE7A007B550E /* prework.app */ = {isa = PBXFileReference; explicitFileType = wrapper.application; includeInIndex = 0; path = prework.app; sourceTree = BUILT_PRODUCTS_DIR; };
		A5714A9926D3DE7A007B550E /* AppDelegate.swift */ = {isa = PBXFileReference; lastKnownFileType = sourcecode.swift; path = AppDelegate.swift; sourceTree = "<group>"; };
		A5714A9B26D3DE7A007B550E /* SceneDelegate.swift */ = {isa = PBXFileReference; lastKnownFileType = sourcecode.swift; path = SceneDelegate.swift; sourceTree = "<group>"; };
		A5714A9D26D3DE7A007B550E /* ViewController.swift */ = {isa = PBXFileReference; lastKnownFileType = sourcecode.swift; path = ViewController.swift; sourceTree = "<group>"; };
		A5714AA026D3DE7A007B550E /* Base */ = {isa = PBXFileReference; lastKnownFileType = file.storyboard; name = Base; path = Base.lproj/Main.storyboard; sourceTree = "<group>"; };
		A5714AA226D3DE7C007B550E /* Assets.xcassets */ = {isa = PBXFileReference; lastKnownFileType = folder.assetcatalog; path = Assets.xcassets; sourceTree = "<group>"; };
		A5714AA526D3DE7C007B550E /* Base */ = {isa = PBXFileReference; lastKnownFileType = file.storyboard; name = Base; path = Base.lproj/LaunchScreen.storyboard; sourceTree = "<group>"; };
		A5714AA726D3DE7C007B550E /* Info.plist */ = {isa = PBXFileReference; lastKnownFileType = text.plist.xml; path = Info.plist; sourceTree = "<group>"; };
		A5714AAC26D3DE7C007B550E /* preworkTests.xctest */ = {isa = PBXFileReference; explicitFileType = wrapper.cfbundle; includeInIndex = 0; path = preworkTests.xctest; sourceTree = BUILT_PRODUCTS_DIR; };
		A5714AB026D3DE7C007B550E /* preworkTests.swift */ = {isa = PBXFileReference; lastKnownFileType = sourcecode.swift; path = preworkTests.swift; sourceTree = "<group>"; };
		A5714AB226D3DE7C007B550E /* Info.plist */ = {isa = PBXFileReference; lastKnownFileType = text.plist.xml; path = Info.plist; sourceTree = "<group>"; };
		A5714AB726D3DE7C007B550E /* preworkUITests.xctest */ = {isa = PBXFileReference; explicitFileType = wrapper.cfbundle; includeInIndex = 0; path = preworkUITests.xctest; sourceTree = BUILT_PRODUCTS_DIR; };
		A5714ABB26D3DE7C007B550E /* preworkUITests.swift */ = {isa = PBXFileReference; lastKnownFileType = sourcecode.swift; path = preworkUITests.swift; sourceTree = "<group>"; };
		A5714ABD26D3DE7C007B550E /* Info.plist */ = {isa = PBXFileReference; lastKnownFileType = text.plist.xml; path = Info.plist; sourceTree = "<group>"; };
/* End PBXFileReference section */

/* Begin PBXFrameworksBuildPhase section */
		A5714A9326D3DE7A007B550E /* Frameworks */ = {
			isa = PBXFrameworksBuildPhase;
			buildActionMask = 2147483647;
			files = (
			);
			runOnlyForDeploymentPostprocessing = 0;
		};
		A5714AA926D3DE7C007B550E /* Frameworks */ = {
			isa = PBXFrameworksBuildPhase;
			buildActionMask = 2147483647;
			files = (
			);
			runOnlyForDeploymentPostprocessing = 0;
		};
		A5714AB426D3DE7C007B550E /* Frameworks */ = {
			isa = PBXFrameworksBuildPhase;
			buildActionMask = 2147483647;
			files = (
			);
			runOnlyForDeploymentPostprocessing = 0;
		};
/* End PBXFrameworksBuildPhase section */

/* Begin PBXGroup section */
		A5714A8D26D3DE7A007B550E = {
			isa = PBXGroup;
			children = (
				A5714A9826D3DE7A007B550E /* prework */,
				A5714AAF26D3DE7C007B550E /* preworkTests */,
				A5714ABA26D3DE7C007B550E /* preworkUITests */,
				A5714A9726D3DE7A007B550E /* Products */,
			);
			sourceTree = "<group>";
		};
		A5714A9726D3DE7A007B550E /* Products */ = {
			isa = PBXGroup;
			children = (
				A5714A9626D3DE7A007B550E /* prework.app */,
				A5714AAC26D3DE7C007B550E /* preworkTests.xctest */,
				A5714AB726D3DE7C007B550E /* preworkUITests.xctest */,
			);
			name = Products;
			sourceTree = "<group>";
		};
		A5714A9826D3DE7A007B550E /* prework */ = {
			isa = PBXGroup;
			children = (
				A5714A9926D3DE7A007B550E /* AppDelegate.swift */,
				A5714A9B26D3DE7A007B550E /* SceneDelegate.swift */,
				A5714A9D26D3DE7A007B550E /* ViewController.swift */,
				A5714A9F26D3DE7A007B550E /* Main.storyboard */,
				A5714AA226D3DE7C007B550E /* Assets.xcassets */,
				A5714AA426D3DE7C007B550E /* LaunchScreen.storyboard */,
				A5714AA726D3DE7C007B550E /* Info.plist */,
			);
			path = prework;
			sourceTree = "<group>";
		};
		A5714AAF26D3DE7C007B550E /* preworkTests */ = {
			isa = PBXGroup;
			children = (
				A5714AB026D3DE7C007B550E /* preworkTests.swift */,
				A5714AB226D3DE7C007B550E /* Info.plist */,
			);
			path = preworkTests;
			sourceTree = "<group>";
		};
		A5714ABA26D3DE7C007B550E /* preworkUITests */ = {
			isa = PBXGroup;
			children = (
				A5714ABB26D3DE7C007B550E /* preworkUITests.swift */,
				A5714ABD26D3DE7C007B550E /* Info.plist */,
			);
			path = preworkUITests;
			sourceTree = "<group>";
		};
/* End PBXGroup section */

/* Begin PBXNativeTarget section */
		A5714A9526D3DE7A007B550E /* prework */ = {
			isa = PBXNativeTarget;
			buildConfigurationList = A5714AC026D3DE7C007B550E /* Build configuration list for PBXNativeTarget "prework" */;
			buildPhases = (
				A5714A9226D3DE7A007B550E /* Sources */,
				A5714A9326D3DE7A007B550E /* Frameworks */,
				A5714A9426D3DE7A007B550E /* Resources */,
			);
			buildRules = (
			);
			dependencies = (
			);
			name = prework;
			productName = prework;
			productReference = A5714A9626D3DE7A007B550E /* prework.app */;
			productType = "com.apple.product-type.application";
		};
		A5714AAB26D3DE7C007B550E /* preworkTests */ = {
			isa = PBXNativeTarget;
			buildConfigurationList = A5714AC326D3DE7C007B550E /* Build configuration list for PBXNativeTarget "preworkTests" */;
			buildPhases = (
				A5714AA826D3DE7C007B550E /* Sources */,
				A5714AA926D3DE7C007B550E /* Frameworks */,
				A5714AAA26D3DE7C007B550E /* Resources */,
			);
			buildRules = (
			);
			dependencies = (
				A5714AAE26D3DE7C007B550E /* PBXTargetDependency */,
			);
			name = preworkTests;
			productName = preworkTests;
			productReference = A5714AAC26D3DE7C007B550E /* preworkTests.xctest */;
			productType = "com.apple.product-type.bundle.unit-test";
		};
		A5714AB626D3DE7C007B550E /* preworkUITests */ = {
			isa = PBXNativeTarget;
			buildConfigurationList = A5714AC626D3DE7C007B550E /* Build configuration list for PBXNativeTarget "preworkUITests" */;
			buildPhases = (
				A5714AB326D3DE7C007B550E /* Sources */,
				A5714AB426D3DE7C007B550E /* Frameworks */,
				A5714AB526D3DE7C007B550E /* Resources */,
			);
			buildRules = (
			);
			dependencies = (
				A5714AB926D3DE7C007B550E /* PBXTargetDependency */,
			);
			name = preworkUITests;
			productName = preworkUITests;
			productReference = A5714AB726D3DE7C007B550E /* preworkUITests.xctest */;
			productType = "com.apple.product-type.bundle.ui-testing";
		};
/* End PBXNativeTarget section */

/* Begin PBXProject section */
		A5714A8E26D3DE7A007B550E /* Project object */ = {
			isa = PBXProject;
			attributes = {
				LastSwiftUpdateCheck = 1250;
				LastUpgradeCheck = 1250;
				TargetAttributes = {
					A5714A9526D3DE7A007B550E = {
						CreatedOnToolsVersion = 12.5.1;
					};
					A5714AAB26D3DE7C007B550E = {
						CreatedOnToolsVersion = 12.5.1;
						TestTargetID = A5714A9526D3DE7A007B550E;
					};
					A5714AB626D3DE7C007B550E = {
						CreatedOnToolsVersion = 12.5.1;
						TestTargetID = A5714A9526D3DE7A007B550E;
					};
				};
			};
			buildConfigurationList = A5714A9126D3DE7A007B550E /* Build configuration list for PBXProject "prework" */;
			compatibilityVersion = "Xcode 9.3";
			developmentRegion = en;
			hasScannedForEncodings = 0;
			knownRegions = (
				en,
				Base,
			);
			mainGroup = A5714A8D26D3DE7A007B550E;
			productRefGroup = A5714A9726D3DE7A007B550E /* Products */;
			projectDirPath = "";
			projectRoot = "";
			targets = (
				A5714A9526D3DE7A007B550E /* prework */,
				A5714AAB26D3DE7C007B550E /* preworkTests */,
				A5714AB626D3DE7C007B550E /* preworkUITests */,
			);
		};
/* End PBXProject section */

/* Begin PBXResourcesBuildPhase section */
		A5714A9426D3DE7A007B550E /* Resources */ = {
			isa = PBXResourcesBuildPhase;
			buildActionMask = 2147483647;
			files = (
				A5714AA626D3DE7C007B550E /* LaunchScreen.storyboard in Resources */,
				A5714AA326D3DE7C007B550E /* Assets.xcassets in Resources */,
				A5714AA126D3DE7A007B550E /* Main.storyboard in Resources */,
			);
			runOnlyForDeploymentPostprocessing = 0;
		};
		A5714AAA26D3DE7C007B550E /* Resources */ = {
			isa = PBXResourcesBuildPhase;
			buildActionMask = 2147483647;
			files = (
			);
			runOnlyForDeploymentPostprocessing = 0;
		};
		A5714AB526D3DE7C007B550E /* Resources */ = {
			isa = PBXResourcesBuildPhase;
			buildActionMask = 2147483647;
			files = (
			);
			runOnlyForDeploymentPostprocessing = 0;
		};
/* End PBXResourcesBuildPhase section */

/* Begin PBXSourcesBuildPhase section */
		A5714A9226D3DE7A007B550E /* Sources */ = {
			isa = PBXSourcesBuildPhase;
			buildActionMask = 2147483647;
			files = (
				A5714A9E26D3DE7A007B550E /* ViewController.swift in Sources */,
				A5714A9A26D3DE7A007B550E /* AppDelegate.swift in Sources */,
				A5714A9C26D3DE7A007B550E /* SceneDelegate.swift in Sources */,
			);
			runOnlyForDeploymentPostprocessing = 0;
		};
		A5714AA826D3DE7C007B550E /* Sources */ = {
			isa = PBXSourcesBuildPhase;
			buildActionMask = 2147483647;
			files = (
				A5714AB126D3DE7C007B550E /* preworkTests.swift in Sources */,
			);
			runOnlyForDeploymentPostprocessing = 0;
		};
		A5714AB326D3DE7C007B550E /* Sources */ = {
			isa = PBXSourcesBuildPhase;
			buildActionMask = 2147483647;
			files = (
				A5714ABC26D3DE7C007B550E /* preworkUITests.swift in Sources */,
			);
			runOnlyForDeploymentPostprocessing = 0;
		};
/* End PBXSourcesBuildPhase section */

/* Begin PBXTargetDependency section */
		A5714AAE26D3DE7C007B550E /* PBXTargetDependency */ = {
			isa = PBXTargetDependency;
			target = A5714A9526D3DE7A007B550E /* prework */;
			targetProxy = A5714AAD26D3DE7C007B550E /* PBXContainerItemProxy */;
		};
		A5714AB926D3DE7C007B550E /* PBXTargetDependency */ = {
			isa = PBXTargetDependency;
			target = A5714A9526D3DE7A007B550E /* prework */;
			targetProxy = A5714AB826D3DE7C007B550E /* PBXContainerItemProxy */;
		};
/* End PBXTargetDependency section */

/* Begin PBXVariantGroup section */
		A5714A9F26D3DE7A007B550E /* Main.storyboard */ = {
			isa = PBXVariantGroup;
			children = (
				A5714AA026D3DE7A007B550E /* Base */,
			);
			name = Main.storyboard;
			sourceTree = "<group>";
		};
		A5714AA426D3DE7C007B550E /* LaunchScreen.storyboard */ = {
			isa = PBXVariantGroup;
			children = (
				A5714AA526D3DE7C007B550E /* Base */,
			);
			name = LaunchScreen.storyboard;
			sourceTree = "<group>";
		};
/* End PBXVariantGroup section */

/* Begin XCBuildConfiguration section */
		A5714ABE26D3DE7C007B550E /* Debug */ = {
			isa = XCBuildConfiguration;
			buildSettings = {
				ALWAYS_SEARCH_USER_PATHS = NO;
				CLANG_ANALYZER_NONNULL = YES;
				CLANG_ANALYZER_NUMBER_OBJECT_CONVERSION = YES_AGGRESSIVE;
				CLANG_CXX_LANGUAGE_STANDARD = "gnu++14";
				CLANG_CXX_LIBRARY = "libc++";
				CLANG_ENABLE_MODULES = YES;
				CLANG_ENABLE_OBJC_ARC = YES;
				CLANG_ENABLE_OBJC_WEAK = YES;
				CLANG_WARN_BLOCK_CAPTURE_AUTORELEASING = YES;
				CLANG_WARN_BOOL_CONVERSION = YES;
				CLANG_WARN_COMMA = YES;
				CLANG_WARN_CONSTANT_CONVERSION = YES;
				CLANG_WARN_DEPRECATED_OBJC_IMPLEMENTATIONS = YES;
				CLANG_WARN_DIRECT_OBJC_ISA_USAGE = YES_ERROR;
				CLANG_WARN_DOCUMENTATION_COMMENTS = YES;
				CLANG_WARN_EMPTY_BODY = YES;
				CLANG_WARN_ENUM_CONVERSION = YES;
				CLANG_WARN_INFINITE_RECURSION = YES;
				CLANG_WARN_INT_CONVERSION = YES;
				CLANG_WARN_NON_LITERAL_NULL_CONVERSION = YES;
				CLANG_WARN_OBJC_IMPLICIT_RETAIN_SELF = YES;
				CLANG_WARN_OBJC_LITERAL_CONVERSION = YES;
				CLANG_WARN_OBJC_ROOT_CLASS = YES_ERROR;
				CLANG_WARN_QUOTED_INCLUDE_IN_FRAMEWORK_HEADER = YES;
				CLANG_WARN_RANGE_LOOP_ANALYSIS = YES;
				CLANG_WARN_STRICT_PROTOTYPES = YES;
				CLANG_WARN_SUSPICIOUS_MOVE = YES;
				CLANG_WARN_UNGUARDED_AVAILABILITY = YES_AGGRESSIVE;
				CLANG_WARN_UNREACHABLE_CODE = YES;
				CLANG_WARN__DUPLICATE_METHOD_MATCH = YES;
				COPY_PHASE_STRIP = NO;
				DEBUG_INFORMATION_FORMAT = dwarf;
				ENABLE_STRICT_OBJC_MSGSEND = YES;
				ENABLE_TESTABILITY = YES;
				GCC_C_LANGUAGE_STANDARD = gnu11;
				GCC_DYNAMIC_NO_PIC = NO;
				GCC_NO_COMMON_BLOCKS = YES;
				GCC_OPTIMIZATION_LEVEL = 0;
				GCC_PREPROCESSOR_DEFINITIONS = (
					"DEBUG=1",
					"$(inherited)",
				);
				GCC_WARN_64_TO_32_BIT_CONVERSION = YES;
				GCC_WARN_ABOUT_RETURN_TYPE = YES_ERROR;
				GCC_WARN_UNDECLARED_SELECTOR = YES;
				GCC_WARN_UNINITIALIZED_AUTOS = YES_AGGRESSIVE;
				GCC_WARN_UNUSED_FUNCTION = YES;
				GCC_WARN_UNUSED_VARIABLE = YES;
				IPHONEOS_DEPLOYMENT_TARGET = 14.5;
				MTL_ENABLE_DEBUG_INFO = INCLUDE_SOURCE;
				MTL_FAST_MATH = YES;
				ONLY_ACTIVE_ARCH = YES;
				SDKROOT = iphoneos;
				SWIFT_ACTIVE_COMPILATION_CONDITIONS = DEBUG;
				SWIFT_OPTIMIZATION_LEVEL = "-Onone";
			};
			name = Debug;
		};
		A5714ABF26D3DE7C007B550E /* Release */ = {
			isa = XCBuildConfiguration;
			buildSettings = {
				ALWAYS_SEARCH_USER_PATHS = NO;
				CLANG_ANALYZER_NONNULL = YES;
				CLANG_ANALYZER_NUMBER_OBJECT_CONVERSION = YES_AGGRESSIVE;
				CLANG_CXX_LANGUAGE_STANDARD = "gnu++14";
				CLANG_CXX_LIBRARY = "libc++";
				CLANG_ENABLE_MODULES = YES;
				CLANG_ENABLE_OBJC_ARC = YES;
				CLANG_ENABLE_OBJC_WEAK = YES;
				CLANG_WARN_BLOCK_CAPTURE_AUTORELEASING = YES;
				CLANG_WARN_BOOL_CONVERSION = YES;
				CLANG_WARN_COMMA = YES;
				CLANG_WARN_CONSTANT_CONVERSION = YES;
				CLANG_WARN_DEPRECATED_OBJC_IMPLEMENTATIONS = YES;
				CLANG_WARN_DIRECT_OBJC_ISA_USAGE = YES_ERROR;
				CLANG_WARN_DOCUMENTATION_COMMENTS = YES;
				CLANG_WARN_EMPTY_BODY = YES;
				CLANG_WARN_ENUM_CONVERSION = YES;
				CLANG_WARN_INFINITE_RECURSION = YES;
				CLANG_WARN_INT_CONVERSION = YES;
				CLANG_WARN_NON_LITERAL_NULL_CONVERSION = YES;
				CLANG_WARN_OBJC_IMPLICIT_RETAIN_SELF = YES;
				CLANG_WARN_OBJC_LITERAL_CONVERSION = YES;
				CLANG_WARN_OBJC_ROOT_CLASS = YES_ERROR;
				CLANG_WARN_QUOTED_INCLUDE_IN_FRAMEWORK_HEADER = YES;
				CLANG_WARN_RANGE_LOOP_ANALYSIS = YES;
				CLANG_WARN_STRICT_PROTOTYPES = YES;
				CLANG_WARN_SUSPICIOUS_MOVE = YES;
				CLANG_WARN_UNGUARDED_AVAILABILITY = YES_AGGRESSIVE;
				CLANG_WARN_UNREACHABLE_CODE = YES;
				CLANG_WARN__DUPLICATE_METHOD_MATCH = YES;
				COPY_PHASE_STRIP = NO;
				DEBUG_INFORMATION_FORMAT = "dwarf-with-dsym";
				ENABLE_NS_ASSERTIONS = NO;
				ENABLE_STRICT_OBJC_MSGSEND = YES;
				GCC_C_LANGUAGE_STANDARD = gnu11;
				GCC_NO_COMMON_BLOCKS = YES;
				GCC_WARN_64_TO_32_BIT_CONVERSION = YES;
				GCC_WARN_ABOUT_RETURN_TYPE = YES_ERROR;
				GCC_WARN_UNDECLARED_SELECTOR = YES;
				GCC_WARN_UNINITIALIZED_AUTOS = YES_AGGRESSIVE;
				GCC_WARN_UNUSED_FUNCTION = YES;
				GCC_WARN_UNUSED_VARIABLE = YES;
				IPHONEOS_DEPLOYMENT_TARGET = 14.5;
				MTL_ENABLE_DEBUG_INFO = NO;
				MTL_FAST_MATH = YES;
				SDKROOT = iphoneos;
				SWIFT_COMPILATION_MODE = wholemodule;
				SWIFT_OPTIMIZATION_LEVEL = "-O";
				VALIDATE_PRODUCT = YES;
			};
			name = Release;
		};
		A5714AC126D3DE7C007B550E /* Debug */ = {
			isa = XCBuildConfiguration;
			buildSettings = {
				ASSETCATALOG_COMPILER_APPICON_NAME = AppIcon;
				ASSETCATALOG_COMPILER_GLOBAL_ACCENT_COLOR_NAME = AccentColor;
				CODE_SIGN_STYLE = Automatic;
				DEVELOPMENT_TEAM = Z676P5U35J;
				INFOPLIST_FILE = prework/Info.plist;
				LD_RUNPATH_SEARCH_PATHS = (
					"$(inherited)",
					"@executable_path/Frameworks",
				);
				PRODUCT_BUNDLE_IDENTIFIER = shoaibrain.com.prework;
				PRODUCT_NAME = "$(TARGET_NAME)";
				SWIFT_VERSION = 5.0;
				TARGETED_DEVICE_FAMILY = "1,2";
			};
			name = Debug;
		};
		A5714AC226D3DE7C007B550E /* Release */ = {
			isa = XCBuildConfiguration;
			buildSettings = {
				ASSETCATALOG_COMPILER_APPICON_NAME = AppIcon;
				ASSETCATALOG_COMPILER_GLOBAL_ACCENT_COLOR_NAME = AccentColor;
				CODE_SIGN_STYLE = Automatic;
				DEVELOPMENT_TEAM = Z676P5U35J;
				INFOPLIST_FILE = prework/Info.plist;
				LD_RUNPATH_SEARCH_PATHS = (
					"$(inherited)",
					"@executable_path/Frameworks",
				);
				PRODUCT_BUNDLE_IDENTIFIER = shoaibrain.com.prework;
				PRODUCT_NAME = "$(TARGET_NAME)";
				SWIFT_VERSION = 5.0;
				TARGETED_DEVICE_FAMILY = "1,2";
			};
			name = Release;
		};
		A5714AC426D3DE7C007B550E /* Debug */ = {
			isa = XCBuildConfiguration;
			buildSettings = {
				ALWAYS_EMBED_SWIFT_STANDARD_LIBRARIES = YES;
				BUNDLE_LOADER = "$(TEST_HOST)";
				CODE_SIGN_STYLE = Automatic;
				DEVELOPMENT_TEAM = Z676P5U35J;
				INFOPLIST_FILE = preworkTests/Info.plist;
				IPHONEOS_DEPLOYMENT_TARGET = 14.5;
				LD_RUNPATH_SEARCH_PATHS = (
					"$(inherited)",
					"@executable_path/Frameworks",
					"@loader_path/Frameworks",
				);
				PRODUCT_BUNDLE_IDENTIFIER = shoaibrain.com.preworkTests;
				PRODUCT_NAME = "$(TARGET_NAME)";
				SWIFT_VERSION = 5.0;
				TARGETED_DEVICE_FAMILY = "1,2";
				TEST_HOST = "$(BUILT_PRODUCTS_DIR)/prework.app/prework";
			};
			name = Debug;
		};
		A5714AC526D3DE7C007B550E /* Release */ = {
			isa = XCBuildConfiguration;
			buildSettings = {
				ALWAYS_EMBED_SWIFT_STANDARD_LIBRARIES = YES;
				BUNDLE_LOADER = "$(TEST_HOST)";
				CODE_SIGN_STYLE = Automatic;
				DEVELOPMENT_TEAM = Z676P5U35J;
				INFOPLIST_FILE = preworkTests/Info.plist;
				IPHONEOS_DEPLOYMENT_TARGET = 14.5;
				LD_RUNPATH_SEARCH_PATHS = (
					"$(inherited)",
					"@executable_path/Frameworks",
					"@loader_path/Frameworks",
				);
				PRODUCT_BUNDLE_IDENTIFIER = shoaibrain.com.preworkTests;
				PRODUCT_NAME = "$(TARGET_NAME)";
				SWIFT_VERSION = 5.0;
				TARGETED_DEVICE_FAMILY = "1,2";
				TEST_HOST = "$(BUILT_PRODUCTS_DIR)/prework.app/prework";
			};
			name = Release;
		};
		A5714AC726D3DE7C007B550E /* Debug */ = {
			isa = XCBuildConfiguration;
			buildSettings = {
				ALWAYS_EMBED_SWIFT_STANDARD_LIBRARIES = YES;
				CODE_SIGN_STYLE = Automatic;
				DEVELOPMENT_TEAM = Z676P5U35J;
				INFOPLIST_FILE = preworkUITests/Info.plist;
				LD_RUNPATH_SEARCH_PATHS = (
					"$(inherited)",
					"@executable_path/Frameworks",
					"@loader_path/Frameworks",
				);
				PRODUCT_BUNDLE_IDENTIFIER = shoaibrain.com.preworkUITests;
				PRODUCT_NAME = "$(TARGET_NAME)";
				SWIFT_VERSION = 5.0;
				TARGETED_DEVICE_FAMILY = "1,2";
				TEST_TARGET_NAME = prework;
			};
			name = Debug;
		};
		A5714AC826D3DE7C007B550E /* Release */ = {
			isa = XCBuildConfiguration;
			buildSettings = {
				ALWAYS_EMBED_SWIFT_STANDARD_LIBRARIES = YES;
				CODE_SIGN_STYLE = Automatic;
				DEVELOPMENT_TEAM = Z676P5U35J;
				INFOPLIST_FILE = preworkUITests/Info.plist;
				LD_RUNPATH_SEARCH_PATHS = (
					"$(inherited)",
					"@executable_path/Frameworks",
					"@loader_path/Frameworks",
				);
				PRODUCT_BUNDLE_IDENTIFIER = shoaibrain.com.preworkUITests;
				PRODUCT_NAME = "$(TARGET_NAME)";
				SWIFT_VERSION = 5.0;
				TARGETED_DEVICE_FAMILY = "1,2";
				TEST_TARGET_NAME = prework;
			};
			name = Release;
		};
/* End XCBuildConfiguration section */

/* Begin XCConfigurationList section */
		A5714A9126D3DE7A007B550E /* Build configuration list for PBXProject "prework" */ = {
			isa = XCConfigurationList;
			buildConfigurations = (
				A5714ABE26D3DE7C007B550E /* Debug */,
				A5714ABF26D3DE7C007B550E /* Release */,
			);
			defaultConfigurationIsVisible = 0;
			defaultConfigurationName = Release;
		};
		A5714AC026D3DE7C007B550E /* Build configuration list for PBXNativeTarget "prework" */ = {
			isa = XCConfigurationList;
			buildConfigurations = (
				A5714AC126D3DE7C007B550E /* Debug */,
				A5714AC226D3DE7C007B550E /* Release */,
			);
			defaultConfigurationIsVisible = 0;
			defaultConfigurationName = Release;
		};
		A5714AC326D3DE7C007B550E /* Build configuration list for PBXNativeTarget "preworkTests" */ = {
			isa = XCConfigurationList;
			buildConfigurations = (
				A5714AC426D3DE7C007B550E /* Debug */,
				A5714AC526D3DE7C007B550E /* Release */,
			);
			defaultConfigurationIsVisible = 0;
			defaultConfigurationName = Release;
		};
		A5714AC626D3DE7C007B550E /* Build configuration list for PBXNativeTarget "preworkUITests" */ = {
			isa = XCConfigurationList;
			buildConfigurations = (
				A5714AC726D3DE7C007B550E /* Debug */,
				A5714AC826D3DE7C007B550E /* Release */,
			);
			defaultConfigurationIsVisible = 0;
			defaultConfigurationName = Release;
		};
/* End XCConfigurationList section */
	};
	rootObject = A5714A8E26D3DE7A007B550E /* Project object */;
}
